
Microsoft Visual Studio Solution File, Format Version 12.00
# Visual Studio 15
Project("{FAE04EC0-301F-11D3-BF4B-00C04F79EFBC}") = "UnityEngine.UI", "UnityEngine.UI.csproj", "{DF772464-89CD-20E4-1924-2F63D4A4CA05}"
EndProject
Project("{FAE04EC0-301F-11D3-BF4B-00C04F79EFBC}") = "UnityEngine.TestRunner", "UnityEngine.TestRunner.csproj", "{EA9DE932-EB47-5508-9589-C4E33E8C19FD}"
EndProject
Project("{FAE04EC0-301F-11D3-BF4B-00C04F79EFBC}") = "Unity.Mathematics", "Unity.Mathematics.csproj", "{71180386-00A0-CA13-8C1E-5E3D8E79B001}"
EndProject
Project("{FAE04EC0-301F-11D3-BF4B-00C04F79EFBC}") = "Unity.2D.Animation.Triangle.Runtime", "Unity.2D.Animation.Triangle.Runtime.csproj", "{7D1AE16E-6843-D850-9CCC-8EBE6B443A7D}"
EndProject
Project("{FAE04EC0-301F-11D3-BF4B-00C04F79EFBC}") = "Assembly-CSharp", "Assembly-CSharp.csproj", "{38F9DB53-4E31-49C3-9CC4-9016357FBFFA}"
EndProject
Project("{FAE04EC0-301F-11D3-BF4B-00C04F79EFBC}") = "Unity.Timeline", "Unity.Timeline.csproj", "{965D7E30-4C15-8F5E-E68A-F91EBDC96C87}"
EndProject
Project("{FAE04EC0-301F-11D3-BF4B-00C04F79EFBC}") = "Unity.TextMeshPro", "Unity.TextMeshPro.csproj", "{58DE0380-94B5-8898-C5AC-383D70CB7577}"
EndProject
Project("{FAE04EC0-301F-11D3-BF4B-00C04F79EFBC}") = "Unity.2D.Animation.Runtime", "Unity.2D.Animation.Runtime.csproj", "{0BAC0DBA-A303-B7C9-12F3-6018AEC4D90C}"
EndProject
Project("{FAE04EC0-301F-11D3-BF4B-00C04F79EFBC}") = "Unity.2D.IK.Runtime", "Unity.2D.IK.Runtime.csproj", "{F470C0EA-86D4-A9DE-0A6C-A3064EA9D155}"
EndProject
Project("{FAE04EC0-301F-11D3-BF4B-00C04F79EFBC}") = "Unity.2D.SpriteShape.Runtime", "Unity.2D.SpriteShape.Runtime.csproj", "{8302933F-5190-3088-4729-E43211B446E1}"
EndProject
Project("{FAE04EC0-301F-11D3-BF4B-00C04F79EFBC}") = "Unity.2D.PixelPerfect", "Unity.2D.PixelPerfect.csproj", "{0D21BF4B-0175-4316-2B3D-E067D8A8A7D1}"
EndProject
Project("{FAE04EC0-301F-11D3-BF4B-00C04F79EFBC}") = "Unity.2D.Common.Runtime", "Unity.2D.Common.Runtime.csproj", "{36197320-D543-2706-7A58-DA1EBFDC8F25}"
EndProject
Project("{FAE04EC0-301F-11D3-BF4B-00C04F79EFBC}") = "Unity.InternalAPIEngineBridge.001", "Unity.InternalAPIEngineBridge.001.csproj", "{5D8A6209-8631-B065-9AAE-93B641970A64}"
EndProject
Project("{FAE04EC0-301F-11D3-BF4B-00C04F79EFBC}") = "UnityEditor.TestRunner", "UnityEditor.TestRunner.csproj", "{2B8CC43F-52B8-9AB1-777D-FC839A3F451E}"
EndProject
Project("{FAE04EC0-301F-11D3-BF4B-00C04F79EFBC}") = "UnityEditor.UI", "UnityEditor.UI.csproj", "{031F5332-03AE-4D7E-FE43-B7843DBDC771}"
EndProject
Project("{FAE04EC0-301F-11D3-BF4B-00C04F79EFBC}") = "Unity.Timeline.Editor", "Unity.Timeline.Editor.csproj", "{836784EE-4A09-8DA8-643C-E81EB28DBA58}"
EndProject
Project("{FAE04EC0-301F-11D3-BF4B-00C04F79EFBC}") = "Unity.VisualStudio.Editor", "Unity.VisualStudio.Editor.csproj", "{31C3367B-25B3-D6AA-65F9-5A429D5C970F}"
EndProject
Project("{FAE04EC0-301F-11D3-BF4B-00C04F79EFBC}") = "Unity.2D.Psdimporter.Editor", "Unity.2D.Psdimporter.Editor.csproj", "{ADCC47D8-BE14-20D3-D10B-9F54DADBC9BD}"
EndProject
Project("{FAE04EC0-301F-11D3-BF4B-00C04F79EFBC}") = "Unity.2D.Animation.Editor", "Unity.2D.Animation.Editor.csproj", "{3CE196CF-0B43-F348-ED33-1FDB5331B3B0}"
EndProject
Project("{FAE04EC0-301F-11D3-BF4B-00C04F79EFBC}") = "Unity.TextMeshPro.Editor", "Unity.TextMeshPro.Editor.csproj", "{2B19C339-BF21-239F-BC8D-A869D2AAD224}"
EndProject
Project("{FAE04EC0-301F-11D3-BF4B-00C04F79EFBC}") = "Unity.2D.SpriteShape.Editor", "Unity.2D.SpriteShape.Editor.csproj", "{526D273E-B77F-16AC-E743-89EFFB3A67AB}"
EndProject
Project("{FAE04EC0-301F-11D3-BF4B-00C04F79EFBC}") = "Unity.CollabProxy.Editor", "Unity.CollabProxy.Editor.csproj", "{DD3E8BBB-DC8E-4830-A7A8-5B0EEBC60AEC}"
EndProject
Project("{FAE04EC0-301F-11D3-BF4B-00C04F79EFBC}") = "PsdPlugin", "PsdPlugin.csproj", "{1A37E1B5-7A91-31A0-4EA9-7248911E7336}"
EndProject
Project("{FAE04EC0-301F-11D3-BF4B-00C04F79EFBC}") = "Unity.2D.Path.Editor", "Unity.2D.Path.Editor.csproj", "{AE212204-4382-A5B9-E6C4-28AA68E764D1}"
EndProject
Project("{FAE04EC0-301F-11D3-BF4B-00C04F79EFBC}") = "Unity.Rider.Editor", "Unity.Rider.Editor.csproj", "{01295AE7-499B-FC03-6068-2A7A921FF727}"
EndProject
Project("{FAE04EC0-301F-11D3-BF4B-00C04F79EFBC}") = "Unity.2D.IK.Editor", "Unity.2D.IK.Editor.csproj", "{8157D586-2873-0B0D-8EED-169A3B6876A8}"
EndProject
Project("{FAE04EC0-301F-11D3-BF4B-00C04F79EFBC}") = "Unity.2D.Sprite.Editor", "Unity.2D.Sprite.Editor.csproj", "{FFB06CA2-38FF-6634-1126-9C2EB894E1BA}"
EndProject
Project("{FAE04EC0-301F-11D3-BF4B-00C04F79EFBC}") = "Unity.2D.Tilemap.Editor", "Unity.2D.Tilemap.Editor.csproj", "{4F901268-A3B8-D86C-D3FB-D9F1AEBBEA35}"
EndProject
Project("{FAE04EC0-301F-11D3-BF4B-00C04F79EFBC}") = "Unity.2D.PixelPerfect.Editor", "Unity.2D.PixelPerfect.Editor.csproj", "{715C923B-9BB5-38C7-E5A2-3DC6F8401846}"
EndProject
Project("{FAE04EC0-301F-11D3-BF4B-00C04F79EFBC}") = "Unity.VSCode.Editor", "Unity.VSCode.Editor.csproj", "{7816E09F-5D80-D5E3-3AE3-4421628E9D6B}"
EndProject
Project("{FAE04EC0-301F-11D3-BF4B-00C04F79EFBC}") = "Unity.2D.Common.Editor", "Unity.2D.Common.Editor.csproj", "{510EF564-2C68-A8BD-6DF2-B205C658499C}"
EndProject
Project("{FAE04EC0-301F-11D3-BF4B-00C04F79EFBC}") = "Unity.Mathematics.Editor", "Unity.Mathematics.Editor.csproj", "{710D6C78-1B46-3FF7-C5C3-A14CBA4CF80E}"
EndProject
Project("{FAE04EC0-301F-11D3-BF4B-00C04F79EFBC}") = "Unity.InternalAPIEditorBridge.001", "Unity.InternalAPIEditorBridge.001.csproj", "{5A96A3FE-67FC-DD44-284C-5467F77E4C10}"
EndProject
Project("{FAE04EC0-301F-11D3-BF4B-00C04F79EFBC}") = "UnityEngine.UI", "UnityEngine.UI.Player.csproj", "{B2B6DE5A-DB3A-D09A-3843-4A063CAF45D5}"
EndProject
Project("{FAE04EC0-301F-11D3-BF4B-00C04F79EFBC}") = "UnityEngine.TestRunner", "UnityEngine.TestRunner.Player.csproj", "{51DF925E-04CE-3BCC-B0A1-6932EB61BF31}"
EndProject
Project("{FAE04EC0-301F-11D3-BF4B-00C04F79EFBC}") = "Unity.Mathematics", "Unity.Mathematics.Player.csproj", "{AE8EA570-E70F-D984-2DBF-86EE5D704A6B}"
EndProject
Project("{FAE04EC0-301F-11D3-BF4B-00C04F79EFBC}") = "Unity.2D.Animation.Triangle.Runtime", "Unity.2D.Animation.Triangle.Runtime.Player.csproj", "{80D546F2-3E67-6AE9-56F0-00D86F4B94F0}"
EndProject
Project("{FAE04EC0-301F-11D3-BF4B-00C04F79EFBC}") = "Assembly-CSharp", "Assembly-CSharp.Player.csproj", "{D8F1F04A-DEC6-FA67-8176-E4A942EE69FB}"
EndProject
Project("{FAE04EC0-301F-11D3-BF4B-00C04F79EFBC}") = "Unity.Timeline", "Unity.Timeline.Player.csproj", "{3D1EB0F1-4E5F-7122-BFC2-E4A87575AC78}"
EndProject
Project("{FAE04EC0-301F-11D3-BF4B-00C04F79EFBC}") = "Unity.TextMeshPro", "Unity.TextMeshPro.Player.csproj", "{9B8CAEA2-FD16-906B-BACC-F912117B4899}"
EndProject
Project("{FAE04EC0-301F-11D3-BF4B-00C04F79EFBC}") = "Unity.2D.Animation.Runtime", "Unity.2D.Animation.Runtime.Player.csproj", "{08CD5F82-F934-1F93-EAD0-DEA80F9FE595}"
EndProject
Project("{FAE04EC0-301F-11D3-BF4B-00C04F79EFBC}") = "Unity.2D.IK.Runtime", "Unity.2D.IK.Runtime.Player.csproj", "{8F8D529E-DFF6-925B-AFC3-0DAF4A7545D1}"
EndProject
Project("{FAE04EC0-301F-11D3-BF4B-00C04F79EFBC}") = "Unity.2D.SpriteShape.Runtime", "Unity.2D.SpriteShape.Runtime.Player.csproj", "{80F1EE14-AE2B-D443-4927-9D9DA56C63BB}"
EndProject
Project("{FAE04EC0-301F-11D3-BF4B-00C04F79EFBC}") = "Unity.2D.PixelPerfect", "Unity.2D.PixelPerfect.Player.csproj", "{7F48368E-8B51-B590-244D-4F5A47EE3BAF}"
EndProject
Project("{FAE04EC0-301F-11D3-BF4B-00C04F79EFBC}") = "Unity.2D.Common.Runtime", "Unity.2D.Common.Runtime.Player.csproj", "{96DA9D1E-F3FC-AE5A-A05B-21D89DC52A52}"
EndProject
Project("{FAE04EC0-301F-11D3-BF4B-00C04F79EFBC}") = "Unity.InternalAPIEngineBridge.001", "Unity.InternalAPIEngineBridge.001.Player.csproj", "{5DFA9094-7A9B-8902-CB2C-F0FDD5A67A02}"
EndProject
Global
	GlobalSection(SolutionConfigurationPlatforms) = preSolution
		Debug|Any CPU = Debug|Any CPU
		Release|Any CPU = Release|Any CPU
	EndGlobalSection
	GlobalSection(ProjectConfigurationPlatforms) = postSolution
		{DF772464-89CD-20E4-1924-2F63D4A4CA05}.Debug|Any CPU.ActiveCfg = Debug|Any CPU
		{DF772464-89CD-20E4-1924-2F63D4A4CA05}.Debug|Any CPU.Build.0 = Debug|Any CPU
		{DF772464-89CD-20E4-1924-2F63D4A4CA05}.Release|Any CPU.ActiveCfg = Release|Any CPU
		{DF772464-89CD-20E4-1924-2F63D4A4CA05}.Release|Any CPU.Build.0 = Release|Any CPU
		{EA9DE932-EB47-5508-9589-C4E33E8C19FD}.Debug|Any CPU.ActiveCfg = Debug|Any CPU
		{EA9DE932-EB47-5508-9589-C4E33E8C19FD}.Debug|Any CPU.Build.0 = Debug|Any CPU
		{EA9DE932-EB47-5508-9589-C4E33E8C19FD}.Release|Any CPU.ActiveCfg = Release|Any CPU
		{EA9DE932-EB47-5508-9589-C4E33E8C19FD}.Release|Any CPU.Build.0 = Release|Any CPU
		{71180386-00A0-CA13-8C1E-5E3D8E79B001}.Debug|Any CPU.ActiveCfg = Debug|Any CPU
		{71180386-00A0-CA13-8C1E-5E3D8E79B001}.Debug|Any CPU.Build.0 = Debug|Any CPU
		{71180386-00A0-CA13-8C1E-5E3D8E79B001}.Release|Any CPU.ActiveCfg = Release|Any CPU
		{71180386-00A0-CA13-8C1E-5E3D8E79B001}.Release|Any CPU.Build.0 = Release|Any CPU
		{7D1AE16E-6843-D850-9CCC-8EBE6B443A7D}.Debug|Any CPU.ActiveCfg = Debug|Any CPU
		{7D1AE16E-6843-D850-9CCC-8EBE6B443A7D}.Debug|Any CPU.Build.0 = Debug|Any CPU
		{7D1AE16E-6843-D850-9CCC-8EBE6B443A7D}.Release|Any CPU.ActiveCfg = Release|Any CPU
		{7D1AE16E-6843-D850-9CCC-8EBE6B443A7D}.Release|Any CPU.Build.0 = Release|Any CPU
		{38F9DB53-4E31-49C3-9CC4-9016357FBFFA}.Debug|Any CPU.ActiveCfg = Debug|Any CPU
		{38F9DB53-4E31-49C3-9CC4-9016357FBFFA}.Debug|Any CPU.Build.0 = Debug|Any CPU
		{38F9DB53-4E31-49C3-9CC4-9016357FBFFA}.Release|Any CPU.ActiveCfg = Release|Any CPU
		{38F9DB53-4E31-49C3-9CC4-9016357FBFFA}.Release|Any CPU.Build.0 = Release|Any CPU
		{965D7E30-4C15-8F5E-E68A-F91EBDC96C87}.Debug|Any CPU.ActiveCfg = Debug|Any CPU
		{965D7E30-4C15-8F5E-E68A-F91EBDC96C87}.Debug|Any CPU.Build.0 = Debug|Any CPU
		{965D7E30-4C15-8F5E-E68A-F91EBDC96C87}.Release|Any CPU.ActiveCfg = Release|Any CPU
		{965D7E30-4C15-8F5E-E68A-F91EBDC96C87}.Release|Any CPU.Build.0 = Release|Any CPU
		{58DE0380-94B5-8898-C5AC-383D70CB7577}.Debug|Any CPU.ActiveCfg = Debug|Any CPU
		{58DE0380-94B5-8898-C5AC-383D70CB7577}.Debug|Any CPU.Build.0 = Debug|Any CPU
		{58DE0380-94B5-8898-C5AC-383D70CB7577}.Release|Any CPU.ActiveCfg = Release|Any CPU
		{58DE0380-94B5-8898-C5AC-383D70CB7577}.Release|Any CPU.Build.0 = Release|Any CPU
		{0BAC0DBA-A303-B7C9-12F3-6018AEC4D90C}.Debug|Any CPU.ActiveCfg = Debug|Any CPU
		{0BAC0DBA-A303-B7C9-12F3-6018AEC4D90C}.Debug|Any CPU.Build.0 = Debug|Any CPU
		{0BAC0DBA-A303-B7C9-12F3-6018AEC4D90C}.Release|Any CPU.ActiveCfg = Release|Any CPU
		{0BAC0DBA-A303-B7C9-12F3-6018AEC4D90C}.Release|Any CPU.Build.0 = Release|Any CPU
		{F470C0EA-86D4-A9DE-0A6C-A3064EA9D155}.Debug|Any CPU.ActiveCfg = Debug|Any CPU
		{F470C0EA-86D4-A9DE-0A6C-A3064EA9D155}.Debug|Any CPU.Build.0 = Debug|Any CPU
		{F470C0EA-86D4-A9DE-0A6C-A3064EA9D155}.Release|Any CPU.ActiveCfg = Release|Any CPU
		{F470C0EA-86D4-A9DE-0A6C-A3064EA9D155}.Release|Any CPU.Build.0 = Release|Any CPU
		{8302933F-5190-3088-4729-E43211B446E1}.Debug|Any CPU.ActiveCfg = Debug|Any CPU
		{8302933F-5190-3088-4729-E43211B446E1}.Debug|Any CPU.Build.0 = Debug|Any CPU
		{8302933F-5190-3088-4729-E43211B446E1}.Release|Any CPU.ActiveCfg = Release|Any CPU
		{8302933F-5190-3088-4729-E43211B446E1}.Release|Any CPU.Build.0 = Release|Any CPU
		{0D21BF4B-0175-4316-2B3D-E067D8A8A7D1}.Debug|Any CPU.ActiveCfg = Debug|Any CPU
		{0D21BF4B-0175-4316-2B3D-E067D8A8A7D1}.Debug|Any CPU.Build.0 = Debug|Any CPU
		{0D21BF4B-0175-4316-2B3D-E067D8A8A7D1}.Release|Any CPU.ActiveCfg = Release|Any CPU
		{0D21BF4B-0175-4316-2B3D-E067D8A8A7D1}.Release|Any CPU.Build.0 = Release|Any CPU
		{36197320-D543-2706-7A58-DA1EBFDC8F25}.Debug|Any CPU.ActiveCfg = Debug|Any CPU
		{36197320-D543-2706-7A58-DA1EBFDC8F25}.Debug|Any CPU.Build.0 = Debug|Any CPU
		{36197320-D543-2706-7A58-DA1EBFDC8F25}.Release|Any CPU.ActiveCfg = Release|Any CPU
		{36197320-D543-2706-7A58-DA1EBFDC8F25}.Release|Any CPU.Build.0 = Release|Any CPU
		{5D8A6209-8631-B065-9AAE-93B641970A64}.Debug|Any CPU.ActiveCfg = Debug|Any CPU
		{5D8A6209-8631-B065-9AAE-93B641970A64}.Debug|Any CPU.Build.0 = Debug|Any CPU
		{5D8A6209-8631-B065-9AAE-93B641970A64}.Release|Any CPU.ActiveCfg = Release|Any CPU
		{5D8A6209-8631-B065-9AAE-93B641970A64}.Release|Any CPU.Build.0 = Release|Any CPU
		{2B8CC43F-52B8-9AB1-777D-FC839A3F451E}.Debug|Any CPU.ActiveCfg = Debug|Any CPU
		{2B8CC43F-52B8-9AB1-777D-FC839A3F451E}.Debug|Any CPU.Build.0 = Debug|Any CPU
		{2B8CC43F-52B8-9AB1-777D-FC839A3F451E}.Release|Any CPU.ActiveCfg = Release|Any CPU
		{2B8CC43F-52B8-9AB1-777D-FC839A3F451E}.Release|Any CPU.Build.0 = Release|Any CPU
		{031F5332-03AE-4D7E-FE43-B7843DBDC771}.Debug|Any CPU.ActiveCfg = Debug|Any CPU
		{031F5332-03AE-4D7E-FE43-B7843DBDC771}.Debug|Any CPU.Build.0 = Debug|Any CPU
		{031F5332-03AE-4D7E-FE43-B7843DBDC771}.Release|Any CPU.ActiveCfg = Release|Any CPU
		{031F5332-03AE-4D7E-FE43-B7843DBDC771}.Release|Any CPU.Build.0 = Release|Any CPU
		{836784EE-4A09-8DA8-643C-E81EB28DBA58}.Debug|Any CPU.ActiveCfg = Debug|Any CPU
		{836784EE-4A09-8DA8-643C-E81EB28DBA58}.Debug|Any CPU.Build.0 = Debug|Any CPU
		{836784EE-4A09-8DA8-643C-E81EB28DBA58}.Release|Any CPU.ActiveCfg = Release|Any CPU
		{836784EE-4A09-8DA8-643C-E81EB28DBA58}.Release|Any CPU.Build.0 = Release|Any CPU
		{31C3367B-25B3-D6AA-65F9-5A429D5C970F}.Debug|Any CPU.ActiveCfg = Debug|Any CPU
		{31C3367B-25B3-D6AA-65F9-5A429D5C970F}.Debug|Any CPU.Build.0 = Debug|Any CPU
		{31C3367B-25B3-D6AA-65F9-5A429D5C970F}.Release|Any CPU.ActiveCfg = Release|Any CPU
		{31C3367B-25B3-D6AA-65F9-5A429D5C970F}.Release|Any CPU.Build.0 = Release|Any CPU
		{ADCC47D8-BE14-20D3-D10B-9F54DADBC9BD}.Debug|Any CPU.ActiveCfg = Debug|Any CPU
		{ADCC47D8-BE14-20D3-D10B-9F54DADBC9BD}.Debug|Any CPU.Build.0 = Debug|Any CPU
		{ADCC47D8-BE14-20D3-D10B-9F54DADBC9BD}.Release|Any CPU.ActiveCfg = Release|Any CPU
		{ADCC47D8-BE14-20D3-D10B-9F54DADBC9BD}.Release|Any CPU.Build.0 = Release|Any CPU
		{3CE196CF-0B43-F348-ED33-1FDB5331B3B0}.Debug|Any CPU.ActiveCfg = Debug|Any CPU
		{3CE196CF-0B43-F348-ED33-1FDB5331B3B0}.Debug|Any CPU.Build.0 = Debug|Any CPU
		{3CE196CF-0B43-F348-ED33-1FDB5331B3B0}.Release|Any CPU.ActiveCfg = Release|Any CPU
		{3CE196CF-0B43-F348-ED33-1FDB5331B3B0}.Release|Any CPU.Build.0 = Release|Any CPU
		{2B19C339-BF21-239F-BC8D-A869D2AAD224}.Debug|Any CPU.ActiveCfg = Debug|Any CPU
		{2B19C339-BF21-239F-BC8D-A869D2AAD224}.Debug|Any CPU.Build.0 = Debug|Any CPU
		{2B19C339-BF21-239F-BC8D-A869D2AAD224}.Release|Any CPU.ActiveCfg = Release|Any CPU
		{2B19C339-BF21-239F-BC8D-A869D2AAD224}.Release|Any CPU.Build.0 = Release|Any CPU
		{526D273E-B77F-16AC-E743-89EFFB3A67AB}.Debug|Any CPU.ActiveCfg = Debug|Any CPU
		{526D273E-B77F-16AC-E743-89EFFB3A67AB}.Debug|Any CPU.Build.0 = Debug|Any CPU
		{526D273E-B77F-16AC-E743-89EFFB3A67AB}.Release|Any CPU.ActiveCfg = Release|Any CPU
		{526D273E-B77F-16AC-E743-89EFFB3A67AB}.Release|Any CPU.Build.0 = Release|Any CPU
		{DD3E8BBB-DC8E-4830-A7A8-5B0EEBC60AEC}.Debug|Any CPU.ActiveCfg = Debug|Any CPU
		{DD3E8BBB-DC8E-4830-A7A8-5B0EEBC60AEC}.Debug|Any CPU.Build.0 = Debug|Any CPU
		{DD3E8BBB-DC8E-4830-A7A8-5B0EEBC60AEC}.Release|Any CPU.ActiveCfg = Release|Any CPU
		{DD3E8BBB-DC8E-4830-A7A8-5B0EEBC60AEC}.Release|Any CPU.Build.0 = Release|Any CPU
		{1A37E1B5-7A91-31A0-4EA9-7248911E7336}.Debug|Any CPU.ActiveCfg = Debug|Any CPU
		{1A37E1B5-7A91-31A0-4EA9-7248911E7336}.Debug|Any CPU.Build.0 = Debug|Any CPU
		{1A37E1B5-7A91-31A0-4EA9-7248911E7336}.Release|Any CPU.ActiveCfg = Release|Any CPU
		{1A37E1B5-7A91-31A0-4EA9-7248911E7336}.Release|Any CPU.Build.0 = Release|Any CPU
		{AE212204-4382-A5B9-E6C4-28AA68E764D1}.Debug|Any CPU.ActiveCfg = Debug|Any CPU
		{AE212204-4382-A5B9-E6C4-28AA68E764D1}.Debug|Any CPU.Build.0 = Debug|Any CPU
		{AE212204-4382-A5B9-E6C4-28AA68E764D1}.Release|Any CPU.ActiveCfg = Release|Any CPU
		{AE212204-4382-A5B9-E6C4-28AA68E764D1}.Release|Any CPU.Build.0 = Release|Any CPU
		{01295AE7-499B-FC03-6068-2A7A921FF727}.Debug|Any CPU.ActiveCfg = Debug|Any CPU
		{01295AE7-499B-FC03-6068-2A7A921FF727}.Debug|Any CPU.Build.0 = Debug|Any CPU
		{01295AE7-499B-FC03-6068-2A7A921FF727}.Release|Any CPU.ActiveCfg = Release|Any CPU
		{01295AE7-499B-FC03-6068-2A7A921FF727}.Release|Any CPU.Build.0 = Release|Any CPU
		{8157D586-2873-0B0D-8EED-169A3B6876A8}.Debug|Any CPU.ActiveCfg = Debug|Any CPU
		{8157D586-2873-0B0D-8EED-169A3B6876A8}.Debug|Any CPU.Build.0 = Debug|Any CPU
		{8157D586-2873-0B0D-8EED-169A3B6876A8}.Release|Any CPU.ActiveCfg = Release|Any CPU
		{8157D586-2873-0B0D-8EED-169A3B6876A8}.Release|Any CPU.Build.0 = Release|Any CPU
		{FFB06CA2-38FF-6634-1126-9C2EB894E1BA}.Debug|Any CPU.ActiveCfg = Debug|Any CPU
		{FFB06CA2-38FF-6634-1126-9C2EB894E1BA}.Debug|Any CPU.Build.0 = Debug|Any CPU
		{FFB06CA2-38FF-6634-1126-9C2EB894E1BA}.Release|Any CPU.ActiveCfg = Release|Any CPU
		{FFB06CA2-38FF-6634-1126-9C2EB894E1BA}.Release|Any CPU.Build.0 = Release|Any CPU
		{4F901268-A3B8-D86C-D3FB-D9F1AEBBEA35}.Debug|Any CPU.ActiveCfg = Debug|Any CPU
		{4F901268-A3B8-D86C-D3FB-D9F1AEBBEA35}.Debug|Any CPU.Build.0 = Debug|Any CPU
		{4F901268-A3B8-D86C-D3FB-D9F1AEBBEA35}.Release|Any CPU.ActiveCfg = Release|Any CPU
		{4F901268-A3B8-D86C-D3FB-D9F1AEBBEA35}.Release|Any CPU.Build.0 = Release|Any CPU
		{715C923B-9BB5-38C7-E5A2-3DC6F8401846}.Debug|Any CPU.ActiveCfg = Debug|Any CPU
		{715C923B-9BB5-38C7-E5A2-3DC6F8401846}.Debug|Any CPU.Build.0 = Debug|Any CPU
		{715C923B-9BB5-38C7-E5A2-3DC6F8401846}.Release|Any CPU.ActiveCfg = Release|Any CPU
		{715C923B-9BB5-38C7-E5A2-3DC6F8401846}.Release|Any CPU.Build.0 = Release|Any CPU
		{7816E09F-5D80-D5E3-3AE3-4421628E9D6B}.Debug|Any CPU.ActiveCfg = Debug|Any CPU
		{7816E09F-5D80-D5E3-3AE3-4421628E9D6B}.Debug|Any CPU.Build.0 = Debug|Any CPU
		{7816E09F-5D80-D5E3-3AE3-4421628E9D6B}.Release|Any CPU.ActiveCfg = Release|Any CPU
		{7816E09F-5D80-D5E3-3AE3-4421628E9D6B}.Release|Any CPU.Build.0 = Release|Any CPU
		{510EF564-2C68-A8BD-6DF2-B205C658499C}.Debug|Any CPU.ActiveCfg = Debug|Any CPU
		{510EF564-2C68-A8BD-6DF2-B205C658499C}.Debug|Any CPU.Build.0 = Debug|Any CPU
		{510EF564-2C68-A8BD-6DF2-B205C658499C}.Release|Any CPU.ActiveCfg = Release|Any CPU
		{510EF564-2C68-A8BD-6DF2-B205C658499C}.Release|Any CPU.Build.0 = Release|Any CPU
		{710D6C78-1B46-3FF7-C5C3-A14CBA4CF80E}.Debug|Any CPU.ActiveCfg = Debug|Any CPU
		{710D6C78-1B46-3FF7-C5C3-A14CBA4CF80E}.Debug|Any CPU.Build.0 = Debug|Any CPU
		{710D6C78-1B46-3FF7-C5C3-A14CBA4CF80E}.Release|Any CPU.ActiveCfg = Release|Any CPU
		{710D6C78-1B46-3FF7-C5C3-A14CBA4CF80E}.Release|Any CPU.Build.0 = Release|Any CPU
		{5A96A3FE-67FC-DD44-284C-5467F77E4C10}.Debug|Any CPU.ActiveCfg = Debug|Any CPU
		{5A96A3FE-67FC-DD44-284C-5467F77E4C10}.Debug|Any CPU.Build.0 = Debug|Any CPU
		{5A96A3FE-67FC-DD44-284C-5467F77E4C10}.Release|Any CPU.ActiveCfg = Release|Any CPU
		{5A96A3FE-67FC-DD44-284C-5467F77E4C10}.Release|Any CPU.Build.0 = Release|Any CPU
		{B2B6DE5A-DB3A-D09A-3843-4A063CAF45D5}.Debug|Any CPU.ActiveCfg = Debug|Any CPU
		{B2B6DE5A-DB3A-D09A-3843-4A063CAF45D5}.Debug|Any CPU.Build.0 = Debug|Any CPU
		{B2B6DE5A-DB3A-D09A-3843-4A063CAF45D5}.Release|Any CPU.ActiveCfg = Release|Any CPU
		{B2B6DE5A-DB3A-D09A-3843-4A063CAF45D5}.Release|Any CPU.Build.0 = Release|Any CPU
		{51DF925E-04CE-3BCC-B0A1-6932EB61BF31}.Debug|Any CPU.ActiveCfg = Debug|Any CPU
		{51DF925E-04CE-3BCC-B0A1-6932EB61BF31}.Debug|Any CPU.Build.0 = Debug|Any CPU
		{51DF925E-04CE-3BCC-B0A1-6932EB61BF31}.Release|Any CPU.ActiveCfg = Release|Any CPU
		{51DF925E-04CE-3BCC-B0A1-6932EB61BF31}.Release|Any CPU.Build.0 = Release|Any CPU
		{AE8EA570-E70F-D984-2DBF-86EE5D704A6B}.Debug|Any CPU.ActiveCfg = Debug|Any CPU
		{AE8EA570-E70F-D984-2DBF-86EE5D704A6B}.Debug|Any CPU.Build.0 = Debug|Any CPU
		{AE8EA570-E70F-D984-2DBF-86EE5D704A6B}.Release|Any CPU.ActiveCfg = Release|Any CPU
		{AE8EA570-E70F-D984-2DBF-86EE5D704A6B}.Release|Any CPU.Build.0 = Release|Any CPU
		{80D546F2-3E67-6AE9-56F0-00D86F4B94F0}.Debug|Any CPU.ActiveCfg = Debug|Any CPU
		{80D546F2-3E67-6AE9-56F0-00D86F4B94F0}.Debug|Any CPU.Build.0 = Debug|Any CPU
		{80D546F2-3E67-6AE9-56F0-00D86F4B94F0}.Release|Any CPU.ActiveCfg = Release|Any CPU
		{80D546F2-3E67-6AE9-56F0-00D86F4B94F0}.Release|Any CPU.Build.0 = Release|Any CPU
		{D8F1F04A-DEC6-FA67-8176-E4A942EE69FB}.Debug|Any CPU.ActiveCfg = Debug|Any CPU
		{D8F1F04A-DEC6-FA67-8176-E4A942EE69FB}.Debug|Any CPU.Build.0 = Debug|Any CPU
		{D8F1F04A-DEC6-FA67-8176-E4A942EE69FB}.Release|Any CPU.ActiveCfg = Release|Any CPU
		{D8F1F04A-DEC6-FA67-8176-E4A942EE69FB}.Release|Any CPU.Build.0 = Release|Any CPU
		{3D1EB0F1-4E5F-7122-BFC2-E4A87575AC78}.Debug|Any CPU.ActiveCfg = Debug|Any CPU
		{3D1EB0F1-4E5F-7122-BFC2-E4A87575AC78}.Debug|Any CPU.Build.0 = Debug|Any CPU
		{3D1EB0F1-4E5F-7122-BFC2-E4A87575AC78}.Release|Any CPU.ActiveCfg = Release|Any CPU
		{3D1EB0F1-4E5F-7122-BFC2-E4A87575AC78}.Release|Any CPU.Build.0 = Release|Any CPU
		{9B8CAEA2-FD16-906B-BACC-F912117B4899}.Debug|Any CPU.ActiveCfg = Debug|Any CPU
		{9B8CAEA2-FD16-906B-BACC-F912117B4899}.Debug|Any CPU.Build.0 = Debug|Any CPU
		{9B8CAEA2-FD16-906B-BACC-F912117B4899}.Release|Any CPU.ActiveCfg = Release|Any CPU
		{9B8CAEA2-FD16-906B-BACC-F912117B4899}.Release|Any CPU.Build.0 = Release|Any CPU
		{08CD5F82-F934-1F93-EAD0-DEA80F9FE595}.Debug|Any CPU.ActiveCfg = Debug|Any CPU
		{08CD5F82-F934-1F93-EAD0-DEA80F9FE595}.Debug|Any CPU.Build.0 = Debug|Any CPU
		{08CD5F82-F934-1F93-EAD0-DEA80F9FE595}.Release|Any CPU.ActiveCfg = Release|Any CPU
		{08CD5F82-F934-1F93-EAD0-DEA80F9FE595}.Release|Any CPU.Build.0 = Release|Any CPU
		{8F8D529E-DFF6-925B-AFC3-0DAF4A7545D1}.Debug|Any CPU.ActiveCfg = Debug|Any CPU
		{8F8D529E-DFF6-925B-AFC3-0DAF4A7545D1}.Debug|Any CPU.Build.0 = Debug|Any CPU
		{8F8D529E-DFF6-925B-AFC3-0DAF4A7545D1}.Release|Any CPU.ActiveCfg = Release|Any CPU
		{8F8D529E-DFF6-925B-AFC3-0DAF4A7545D1}.Release|Any CPU.Build.0 = Release|Any CPU
		{80F1EE14-AE2B-D443-4927-9D9DA56C63BB}.Debug|Any CPU.ActiveCfg = Debug|Any CPU
		{80F1EE14-AE2B-D443-4927-9D9DA56C63BB}.Debug|Any CPU.Build.0 = Debug|Any CPU
		{80F1EE14-AE2B-D443-4927-9D9DA56C63BB}.Release|Any CPU.ActiveCfg = Release|Any CPU
		{80F1EE14-AE2B-D443-4927-9D9DA56C63BB}.Release|Any CPU.Build.0 = Release|Any CPU
		{7F48368E-8B51-B590-244D-4F5A47EE3BAF}.Debug|Any CPU.ActiveCfg = Debug|Any CPU
		{7F48368E-8B51-B590-244D-4F5A47EE3BAF}.Debug|Any CPU.Build.0 = Debug|Any CPU
		{7F48368E-8B51-B590-244D-4F5A47EE3BAF}.Release|Any CPU.ActiveCfg = Release|Any CPU
		{7F48368E-8B51-B590-244D-4F5A47EE3BAF}.Release|Any CPU.Build.0 = Release|Any CPU
		{96DA9D1E-F3FC-AE5A-A05B-21D89DC52A52}.Debug|Any CPU.ActiveCfg = Debug|Any CPU
		{96DA9D1E-F3FC-AE5A-A05B-21D89DC52A52}.Debug|Any CPU.Build.0 = Debug|Any CPU
		{96DA9D1E-F3FC-AE5A-A05B-21D89DC52A52}.Release|Any CPU.ActiveCfg = Release|Any CPU
		{96DA9D1E-F3FC-AE5A-A05B-21D89DC52A52}.Release|Any CPU.Build.0 = Release|Any CPU
		{5DFA9094-7A9B-8902-CB2C-F0FDD5A67A02}.Debug|Any CPU.ActiveCfg = Debug|Any CPU
		{5DFA9094-7A9B-8902-CB2C-F0FDD5A67A02}.Debug|Any CPU.Build.0 = Debug|Any CPU
		{5DFA9094-7A9B-8902-CB2C-F0FDD5A67A02}.Release|Any CPU.ActiveCfg = Release|Any CPU
		{5DFA9094-7A9B-8902-CB2C-F0FDD5A67A02}.Release|Any CPU.Build.0 = Release|Any CPU
	EndGlobalSection
	GlobalSection(SolutionProperties) = preSolution
		HideSolutionNode = FALSE
	EndGlobalSection
EndGlobal
